// !$*UTF8*$!
{
	archiveVersion = 1;
	classes = {
	};
	objectVersion = 48;
	objects = {

/* Begin PBXBuildFile section */
		40F39C6920511AEE001209BA /* ZPAppDelegate.m in Sources */ = {isa = PBXBuildFile; fileRef = 40F39C6820511AEE001209BA /* ZPAppDelegate.m */; };
		40F39C6C20511AEE001209BA /* ViewController.m in Sources */ = {isa = PBXBuildFile; fileRef = 40F39C6B20511AEE001209BA /* ViewController.m */; };
		40F39C6F20511AEE001209BA /* Main.storyboard in Resources */ = {isa = PBXBuildFile; fileRef = 40F39C6D20511AEE001209BA /* Main.storyboard */; };
		40F39C7120511AEE001209BA /* Assets.xcassets in Resources */ = {isa = PBXBuildFile; fileRef = 40F39C7020511AEE001209BA /* Assets.xcassets */; };
		40F39C7420511AEE001209BA /* LaunchScreen.storyboard in Resources */ = {isa = PBXBuildFile; fileRef = 40F39C7220511AEE001209BA /* LaunchScreen.storyboard */; };
		40F39C7720511AEF001209BA /* main.m in Sources */ = {isa = PBXBuildFile; fileRef = 40F39C7620511AEF001209BA /* main.m */; };
		F7604773EA300C61D9F63F76 /* libPods-iOSProjectDemo.a in Frameworks */ = {isa = PBXBuildFile; fileRef = 3CD5687E909F67B6D232AF97 /* libPods-iOSProjectDemo.a */; };
/* End PBXBuildFile section */

/* Begin PBXFileReference section */
		3CD5687E909F67B6D232AF97 /* libPods-iOSProjectDemo.a */ = {isa = PBXFileReference; explicitFileType = archive.ar; includeInIndex = 0; path = "libPods-iOSProjectDemo.a"; sourceTree = BUILT_PRODUCTS_DIR; };
		40F39C6420511AEE001209BA /* iOSProjectDemo.app */ = {isa = PBXFileReference; explicitFileType = wrapper.application; includeInIndex = 0; path = iOSProjectDemo.app; sourceTree = BUILT_PRODUCTS_DIR; };
		40F39C6720511AEE001209BA /* ZPAppDelegate.h */ = {isa = PBXFileReference; lastKnownFileType = sourcecode.c.h; path = ZPAppDelegate.h; sourceTree = "<group>"; };
		40F39C6820511AEE001209BA /* ZPAppDelegate.m */ = {isa = PBXFileReference; lastKnownFileType = sourcecode.c.objc; path = ZPAppDelegate.m; sourceTree = "<group>"; };
		40F39C6A20511AEE001209BA /* ViewController.h */ = {isa = PBXFileReference; lastKnownFileType = sourcecode.c.h; path = ViewController.h; sourceTree = "<group>"; };
		40F39C6B20511AEE001209BA /* ViewController.m */ = {isa = PBXFileReference; lastKnownFileType = sourcecode.c.objc; path = ViewController.m; sourceTree = "<group>"; };
		40F39C6E20511AEE001209BA /* Base */ = {isa = PBXFileReference; lastKnownFileType = file.storyboard; name = Base; path = Base.lproj/Main.storyboard; sourceTree = "<group>"; };
		40F39C7020511AEE001209BA /* Assets.xcassets */ = {isa = PBXFileReference; lastKnownFileType = folder.assetcatalog; path = Assets.xcassets; sourceTree = "<group>"; };
		40F39C7320511AEE001209BA /* Base */ = {isa = PBXFileReference; lastKnownFileType = file.storyboard; name = Base; path = Base.lproj/LaunchScreen.storyboard; sourceTree = "<group>"; };
		40F39C7520511AEF001209BA /* Info.plist */ = {isa = PBXFileReference; lastKnownFileType = text.plist.xml; path = Info.plist; sourceTree = "<group>"; };
		40F39C7620511AEF001209BA /* main.m */ = {isa = PBXFileReference; lastKnownFileType = sourcecode.c.objc; path = main.m; sourceTree = "<group>"; };
		40F39C7D2051211C001209BA /* PrefixHeader.pch */ = {isa = PBXFileReference; lastKnownFileType = sourcecode.c.h; path = PrefixHeader.pch; sourceTree = "<group>"; };
		C793E486CBBC0849A02AD281 /* Pods-iOSProjectDemo.debug.xcconfig */ = {isa = PBXFileReference; includeInIndex = 1; lastKnownFileType = text.xcconfig; name = "Pods-iOSProjectDemo.debug.xcconfig"; path = "Pods/Target Support Files/Pods-iOSProjectDemo/Pods-iOSProjectDemo.debug.xcconfig"; sourceTree = "<group>"; };
		D2476714EE435F4145BA79D0 /* Pods-iOSProjectDemo.release.xcconfig */ = {isa = PBXFileReference; includeInIndex = 1; lastKnownFileType = text.xcconfig; name = "Pods-iOSProjectDemo.release.xcconfig"; path = "Pods/Target Support Files/Pods-iOSProjectDemo/Pods-iOSProjectDemo.release.xcconfig"; sourceTree = "<group>"; };
/* End PBXFileReference section */

/* Begin PBXFrameworksBuildPhase section */
		40F39C6120511AEE001209BA /* Frameworks */ = {
			isa = PBXFrameworksBuildPhase;
			buildActionMask = 2147483647;
			files = (
				F7604773EA300C61D9F63F76 /* libPods-iOSProjectDemo.a in Frameworks */,
			);
			runOnlyForDeploymentPostprocessing = 0;
		};
/* End PBXFrameworksBuildPhase section */

/* Begin PBXGroup section */
		40F39C5B20511AEE001209BA = {
			isa = PBXGroup;
			children = (
				40F39C6620511AEE001209BA /* iOSProjectDemo */,
				40F39C6520511AEE001209BA /* Products */,
				495EEE31D2F54D78D9958DE2 /* Pods */,
				A48FE04380B3C821D93E4E77 /* Frameworks */,
			);
			sourceTree = "<group>";
		};
		40F39C6520511AEE001209BA /* Products */ = {
			isa = PBXGroup;
			children = (
				40F39C6420511AEE001209BA /* iOSProjectDemo.app */,
			);
			name = Products;
			sourceTree = "<group>";
		};
		40F39C6620511AEE001209BA /* iOSProjectDemo */ = {
			isa = PBXGroup;
			children = (
				40F39C6720511AEE001209BA /* ZPAppDelegate.h */,
				40F39C6820511AEE001209BA /* ZPAppDelegate.m */,
				40F39C6A20511AEE001209BA /* ViewController.h */,
				40F39C6B20511AEE001209BA /* ViewController.m */,
				40F39C6D20511AEE001209BA /* Main.storyboard */,
				40F39C7020511AEE001209BA /* Assets.xcassets */,
				40F39C7220511AEE001209BA /* LaunchScreen.storyboard */,
				40F39C7520511AEF001209BA /* Info.plist */,
				40F39C7620511AEF001209BA /* main.m */,
				40F39C7D2051211C001209BA /* PrefixHeader.pch */,
			);
			path = iOSProjectDemo;
			sourceTree = "<group>";
		};
		495EEE31D2F54D78D9958DE2 /* Pods */ = {
			isa = PBXGroup;
			children = (
				C793E486CBBC0849A02AD281 /* Pods-iOSProjectDemo.debug.xcconfig */,
				D2476714EE435F4145BA79D0 /* Pods-iOSProjectDemo.release.xcconfig */,
			);
			name = Pods;
			sourceTree = "<group>";
		};
		A48FE04380B3C821D93E4E77 /* Frameworks */ = {
			isa = PBXGroup;
			children = (
				3CD5687E909F67B6D232AF97 /* libPods-iOSProjectDemo.a */,
			);
			name = Frameworks;
			sourceTree = "<group>";
		};
/* End PBXGroup section */

/* Begin PBXNativeTarget section */
		40F39C6320511AEE001209BA /* iOSProjectDemo */ = {
			isa = PBXNativeTarget;
			buildConfigurationList = 40F39C7A20511AEF001209BA /* Build configuration list for PBXNativeTarget "iOSProjectDemo" */;
			buildPhases = (
				5A4856154C474DEF3E992116 /* [CP] Check Pods Manifest.lock */,
				40F39C6020511AEE001209BA /* Sources */,
				40F39C6120511AEE001209BA /* Frameworks */,
				40F39C6220511AEE001209BA /* Resources */,
				C898805BA94A8DFE91F079F6 /* [CP] Embed Pods Frameworks */,
				561F230A247842E5E9205390 /* [CP] Copy Pods Resources */,
			);
			buildRules = (
			);
			dependencies = (
			);
			name = iOSProjectDemo;
			productName = iOSProjectDemo;
			productReference = 40F39C6420511AEE001209BA /* iOSProjectDemo.app */;
			productType = "com.apple.product-type.application";
		};
/* End PBXNativeTarget section */

/* Begin PBXProject section */
		40F39C5C20511AEE001209BA /* Project object */ = {
			isa = PBXProject;
			attributes = {
				LastUpgradeCheck = 0920;
				ORGANIZATIONNAME = "中天科技软件技术有限公司";
				TargetAttributes = {
					40F39C6320511AEE001209BA = {
						CreatedOnToolsVersion = 9.2;
						ProvisioningStyle = Automatic;
					};
				};
			};
			buildConfigurationList = 40F39C5F20511AEE001209BA /* Build configuration list for PBXProject "iOSProjectDemo" */;
			compatibilityVersion = "Xcode 8.0";
			developmentRegion = en;
			hasScannedForEncodings = 0;
			knownRegions = (
				en,
				Base,
			);
			mainGroup = 40F39C5B20511AEE001209BA;
			productRefGroup = 40F39C6520511AEE001209BA /* Products */;
			projectDirPath = "";
			projectRoot = "";
			targets = (
				40F39C6320511AEE001209BA /* iOSProjectDemo */,
			);
		};
/* End PBXProject section */

/* Begin PBXResourcesBuildPhase section */
		40F39C6220511AEE001209BA /* Resources */ = {
			isa = PBXResourcesBuildPhase;
			buildActionMask = 2147483647;
			files = (
				40F39C7420511AEE001209BA /* LaunchScreen.storyboard in Resources */,
				40F39C7120511AEE001209BA /* Assets.xcassets in Resources */,
				40F39C6F20511AEE001209BA /* Main.storyboard in Resources */,
			);
			runOnlyForDeploymentPostprocessing = 0;
		};
/* End PBXResourcesBuildPhase section */

/* Begin PBXShellScriptBuildPhase section */
		561F230A247842E5E9205390 /* [CP] Copy Pods Resources */ = {
			isa = PBXShellScriptBuildPhase;
			buildActionMask = 2147483647;
			files = (
			);
			inputPaths = (
				"${SRCROOT}/Pods/Target Support Files/Pods-iOSProjectDemo/Pods-iOSProjectDemo-resources.sh",
				"${PODS_ROOT}/BaiduMapKit/BaiduMapKit/BaiduMapAPI_Map.framework/Resources/mapapi.bundle",
				"${PODS_ROOT}/HMEmoticon/表情键盘/Emoticon/HMEmoticon.bundle",
				"${PODS_ROOT}/HMQRCodeScanner/HMQRCodeScanner/QRCode/HMScanner.bundle",
				"${PODS_ROOT}/IQKeyboardManager/IQKeyboardManager/Resources/IQKeyboardManager.bundle",
				"${PODS_ROOT}/MJRefresh/MJRefresh/MJRefresh.bundle",
				"${PODS_ROOT}/MOFSPickerManager/MOFSPickerManagerDemo/MOFSPickerManager/province_data.xml",
				"${PODS_ROOT}/MagicWindowSDK/MagicWindowSDK/MagicWindowSDK/MagicWindow.bundle",
				"${PODS_ROOT}/TZImagePickerController/TZImagePickerController/TZImagePickerController/TZImagePickerController.bundle",
				"${PODS_ROOT}/UMengUShare/UShareSDK/UMSocialSDK/UMSocialSDKPromptResources.bundle",
				"${PODS_ROOT}/UMengUShare/UShareSDK/SocialLibraries/QQ/QQSDK/TencentOpenApi_IOS_Bundle.bundle",
				"${PODS_ROOT}/UMengUShare/UShareSDK/SocialLibraries/Sina/SinaSDK/WeiboSDK.bundle",
				"${PODS_ROOT}/UMengUShare/UShareSDK/UMSocialUI/UMSocialSDKResources.bundle",
				"${PODS_ROOT}/ZFPlayer/ZFPlayer/ZFPlayer.bundle",
			);
			name = "[CP] Copy Pods Resources";
			outputPaths = (
				"${TARGET_BUILD_DIR}/${UNLOCALIZED_RESOURCES_FOLDER_PATH}/mapapi.bundle",
				"${TARGET_BUILD_DIR}/${UNLOCALIZED_RESOURCES_FOLDER_PATH}/HMEmoticon.bundle",
				"${TARGET_BUILD_DIR}/${UNLOCALIZED_RESOURCES_FOLDER_PATH}/HMScanner.bundle",
				"${TARGET_BUILD_DIR}/${UNLOCALIZED_RESOURCES_FOLDER_PATH}/IQKeyboardManager.bundle",
				"${TARGET_BUILD_DIR}/${UNLOCALIZED_RESOURCES_FOLDER_PATH}/MJRefresh.bundle",
				"${TARGET_BUILD_DIR}/${UNLOCALIZED_RESOURCES_FOLDER_PATH}/province_data.xml",
				"${TARGET_BUILD_DIR}/${UNLOCALIZED_RESOURCES_FOLDER_PATH}/MagicWindow.bundle",
				"${TARGET_BUILD_DIR}/${UNLOCALIZED_RESOURCES_FOLDER_PATH}/TZImagePickerController.bundle",
				"${TARGET_BUILD_DIR}/${UNLOCALIZED_RESOURCES_FOLDER_PATH}/UMSocialSDKPromptResources.bundle",
				"${TARGET_BUILD_DIR}/${UNLOCALIZED_RESOURCES_FOLDER_PATH}/TencentOpenApi_IOS_Bundle.bundle",
				"${TARGET_BUILD_DIR}/${UNLOCALIZED_RESOURCES_FOLDER_PATH}/WeiboSDK.bundle",
				"${TARGET_BUILD_DIR}/${UNLOCALIZED_RESOURCES_FOLDER_PATH}/UMSocialSDKResources.bundle",
				"${TARGET_BUILD_DIR}/${UNLOCALIZED_RESOURCES_FOLDER_PATH}/ZFPlayer.bundle",
			);
			runOnlyForDeploymentPostprocessing = 0;
			shellPath = /bin/sh;
			shellScript = "\"${SRCROOT}/Pods/Target Support Files/Pods-iOSProjectDemo/Pods-iOSProjectDemo-resources.sh\"\n";
			showEnvVarsInLog = 0;
		};
		5A4856154C474DEF3E992116 /* [CP] Check Pods Manifest.lock */ = {
			isa = PBXShellScriptBuildPhase;
			buildActionMask = 2147483647;
			files = (
			);
			inputPaths = (
				"${PODS_PODFILE_DIR_PATH}/Podfile.lock",
				"${PODS_ROOT}/Manifest.lock",
			);
			name = "[CP] Check Pods Manifest.lock";
			outputPaths = (
				"$(DERIVED_FILE_DIR)/Pods-iOSProjectDemo-checkManifestLockResult.txt",
			);
			runOnlyForDeploymentPostprocessing = 0;
			shellPath = /bin/sh;
			shellScript = "diff \"${PODS_PODFILE_DIR_PATH}/Podfile.lock\" \"${PODS_ROOT}/Manifest.lock\" > /dev/null\nif [ $? != 0 ] ; then\n    # print error to STDERR\n    echo \"error: The sandbox is not in sync with the Podfile.lock. Run 'pod install' or update your CocoaPods installation.\" >&2\n    exit 1\nfi\n# This output is used by Xcode 'outputs' to avoid re-running this script phase.\necho \"SUCCESS\" > \"${SCRIPT_OUTPUT_FILE_0}\"\n";
			showEnvVarsInLog = 0;
		};
		C898805BA94A8DFE91F079F6 /* [CP] Embed Pods Frameworks */ = {
			isa = PBXShellScriptBuildPhase;
			buildActionMask = 2147483647;
			files = (
			);
			inputPaths = (
			);
			name = "[CP] Embed Pods Frameworks";
			outputPaths = (
			);
			runOnlyForDeploymentPostprocessing = 0;
			shellPath = /bin/sh;
			shellScript = "\"${SRCROOT}/Pods/Target Support Files/Pods-iOSProjectDemo/Pods-iOSProjectDemo-frameworks.sh\"\n";
			showEnvVarsInLog = 0;
		};
/* End PBXShellScriptBuildPhase section */

/* Begin PBXSourcesBuildPhase section */
		40F39C6020511AEE001209BA /* Sources */ = {
			isa = PBXSourcesBuildPhase;
			buildActionMask = 2147483647;
			files = (
				40F39C6C20511AEE001209BA /* ViewController.m in Sources */,
				40F39C7720511AEF001209BA /* main.m in Sources */,
				40F39C6920511AEE001209BA /* ZPAppDelegate.m in Sources */,
			);
			runOnlyForDeploymentPostprocessing = 0;
		};
/* End PBXSourcesBuildPhase section */

/* Begin PBXVariantGroup section */
		40F39C6D20511AEE001209BA /* Main.storyboard */ = {
			isa = PBXVariantGroup;
			children = (
				40F39C6E20511AEE001209BA /* Base */,
			);
			name = Main.storyboard;
			sourceTree = "<group>";
		};
		40F39C7220511AEE001209BA /* LaunchScreen.storyboard */ = {
			isa = PBXVariantGroup;
			children = (
				40F39C7320511AEE001209BA /* Base */,
			);
			name = LaunchScreen.storyboard;
			sourceTree = "<group>";
		};
/* End PBXVariantGroup section */

/* Begin XCBuildConfiguration section */
		40F39C7820511AEF001209BA /* Debug */ = {
			isa = XCBuildConfiguration;
			buildSettings = {
				ALWAYS_SEARCH_USER_PATHS = NO;
				CLANG_ANALYZER_NONNULL = YES;
				CLANG_ANALYZER_NUMBER_OBJECT_CONVERSION = YES_AGGRESSIVE;
				CLANG_CXX_LANGUAGE_STANDARD = "gnu++14";
				CLANG_CXX_LIBRARY = "libc++";
				CLANG_ENABLE_MODULES = YES;
				CLANG_ENABLE_OBJC_ARC = YES;
				CLANG_WARN_BLOCK_CAPTURE_AUTORELEASING = YES;
				CLANG_WARN_BOOL_CONVERSION = YES;
				CLANG_WARN_COMMA = YES;
				CLANG_WARN_CONSTANT_CONVERSION = YES;
				CLANG_WARN_DIRECT_OBJC_ISA_USAGE = YES_ERROR;
				CLANG_WARN_DOCUMENTATION_COMMENTS = YES;
				CLANG_WARN_EMPTY_BODY = YES;
				CLANG_WARN_ENUM_CONVERSION = YES;
				CLANG_WARN_INFINITE_RECURSION = YES;
				CLANG_WARN_INT_CONVERSION = YES;
				CLANG_WARN_NON_LITERAL_NULL_CONVERSION = YES;
				CLANG_WARN_OBJC_LITERAL_CONVERSION = YES;
				CLANG_WARN_OBJC_ROOT_CLASS = YES_ERROR;
				CLANG_WARN_RANGE_LOOP_ANALYSIS = YES;
				CLANG_WARN_STRICT_PROTOTYPES = YES;
				CLANG_WARN_SUSPICIOUS_MOVE = YES;
				CLANG_WARN_UNGUARDED_AVAILABILITY = YES_AGGRESSIVE;
				CLANG_WARN_UNREACHABLE_CODE = YES;
				CLANG_WARN__DUPLICATE_METHOD_MATCH = YES;
				CODE_SIGN_IDENTITY = "iPhone Developer";
				COPY_PHASE_STRIP = NO;
				DEBUG_INFORMATION_FORMAT = dwarf;
				ENABLE_STRICT_OBJC_MSGSEND = YES;
				ENABLE_TESTABILITY = YES;
				GCC_C_LANGUAGE_STANDARD = gnu11;
				GCC_DYNAMIC_NO_PIC = NO;
				GCC_NO_COMMON_BLOCKS = YES;
				GCC_OPTIMIZATION_LEVEL = 0;
				GCC_PREPROCESSOR_DEFINITIONS = (
					"DEBUG=1",
					"$(inherited)",
				);
				GCC_WARN_64_TO_32_BIT_CONVERSION = YES;
				GCC_WARN_ABOUT_RETURN_TYPE = YES_ERROR;
				GCC_WARN_UNDECLARED_SELECTOR = YES;
				GCC_WARN_UNINITIALIZED_AUTOS = YES_AGGRESSIVE;
				GCC_WARN_UNUSED_FUNCTION = YES;
				GCC_WARN_UNUSED_VARIABLE = YES;
				IPHONEOS_DEPLOYMENT_TARGET = 11.2;
				MTL_ENABLE_DEBUG_INFO = YES;
				ONLY_ACTIVE_ARCH = YES;
				SDKROOT = iphoneos;
			};
			name = Debug;
		};
		40F39C7920511AEF001209BA /* Release */ = {
			isa = XCBuildConfiguration;
			buildSettings = {
				ALWAYS_SEARCH_USER_PATHS = NO;
				CLANG_ANALYZER_NONNULL = YES;
				CLANG_ANALYZER_NUMBER_OBJECT_CONVERSION = YES_AGGRESSIVE;
				CLANG_CXX_LANGUAGE_STANDARD = "gnu++14";
				CLANG_CXX_LIBRARY = "libc++";
				CLANG_ENABLE_MODULES = YES;
				CLANG_ENABLE_OBJC_ARC = YES;
				CLANG_WARN_BLOCK_CAPTURE_AUTORELEASING = YES;
				CLANG_WARN_BOOL_CONVERSION = YES;
				CLANG_WARN_COMMA = YES;
				CLANG_WARN_CONSTANT_CONVERSION = YES;
				CLANG_WARN_DIRECT_OBJC_ISA_USAGE = YES_ERROR;
				CLANG_WARN_DOCUMENTATION_COMMENTS = YES;
				CLANG_WARN_EMPTY_BODY = YES;
				CLANG_WARN_ENUM_CONVERSION = YES;
				CLANG_WARN_INFINITE_RECURSION = YES;
				CLANG_WARN_INT_CONVERSION = YES;
				CLANG_WARN_NON_LITERAL_NULL_CONVERSION = YES;
				CLANG_WARN_OBJC_LITERAL_CONVERSION = YES;
				CLANG_WARN_OBJC_ROOT_CLASS = YES_ERROR;
				CLANG_WARN_RANGE_LOOP_ANALYSIS = YES;
				CLANG_WARN_STRICT_PROTOTYPES = YES;
				CLANG_WARN_SUSPICIOUS_MOVE = YES;
				CLANG_WARN_UNGUARDED_AVAILABILITY = YES_AGGRESSIVE;
				CLANG_WARN_UNREACHABLE_CODE = YES;
				CLANG_WARN__DUPLICATE_METHOD_MATCH = YES;
				CODE_SIGN_IDENTITY = "iPhone Developer";
				COPY_PHASE_STRIP = NO;
				DEBUG_INFORMATION_FORMAT = "dwarf-with-dsym";
				ENABLE_NS_ASSERTIONS = NO;
				ENABLE_STRICT_OBJC_MSGSEND = YES;
				GCC_C_LANGUAGE_STANDARD = gnu11;
				GCC_NO_COMMON_BLOCKS = YES;
				GCC_WARN_64_TO_32_BIT_CONVERSION = YES;
				GCC_WARN_ABOUT_RETURN_TYPE = YES_ERROR;
				GCC_WARN_UNDECLARED_SELECTOR = YES;
				GCC_WARN_UNINITIALIZED_AUTOS = YES_AGGRESSIVE;
				GCC_WARN_UNUSED_FUNCTION = YES;
				GCC_WARN_UNUSED_VARIABLE = YES;
				IPHONEOS_DEPLOYMENT_TARGET = 11.2;
				MTL_ENABLE_DEBUG_INFO = NO;
				SDKROOT = iphoneos;
				VALIDATE_PRODUCT = YES;
			};
			name = Release;
		};
		40F39C7B20511AEF001209BA /* Debug */ = {
			isa = XCBuildConfiguration;
			baseConfigurationReference = C793E486CBBC0849A02AD281 /* Pods-iOSProjectDemo.debug.xcconfig */;
			buildSettings = {
				ASSETCATALOG_COMPILER_APPICON_NAME = AppIcon;
				CODE_SIGN_STYLE = Automatic;
				DEVELOPMENT_TEAM = 8MXW9M63S4;
				ENABLE_BITCODE = NO;
				GCC_NO_COMMON_BLOCKS = NO;
				GCC_PREFIX_HEADER = "$(SRCROOT)/iOSProjectDemo/PrefixHeader.pch";
				INFOPLIST_FILE = iOSProjectDemo/Info.plist;
				IPHONEOS_DEPLOYMENT_TARGET = 10.3;
				LD_RUNPATH_SEARCH_PATHS = "$(inherited) @executable_path/Frameworks";
				PRODUCT_BUNDLE_IDENTIFIER = com.chinaztt.demo.iOSProjectDemo;
				PRODUCT_NAME = "$(TARGET_NAME)";
				TARGETED_DEVICE_FAMILY = "1,2";
			};
			name = Debug;
		};
		40F39C7C20511AEF001209BA /* Release */ = {
			isa = XCBuildConfiguration;
			baseConfigurationReference = D2476714EE435F4145BA79D0 /* Pods-iOSProjectDemo.release.xcconfig */;
			buildSettings = {
				ASSETCATALOG_COMPILER_APPICON_NAME = AppIcon;
				CODE_SIGN_STYLE = Automatic;
				DEVELOPMENT_TEAM = 8MXW9M63S4;
				ENABLE_BITCODE = NO;
				GCC_NO_COMMON_BLOCKS = NO;
				GCC_PREFIX_HEADER = "$(SRCROOT)/iOSProjectDemo/PrefixHeader.pch";
				INFOPLIST_FILE = iOSProjectDemo/Info.plist;
				IPHONEOS_DEPLOYMENT_TARGET = 10.3;
				LD_RUNPATH_SEARCH_PATHS = "$(inherited) @executable_path/Frameworks";
				PRODUCT_BUNDLE_IDENTIFIER = com.chinaztt.demo.iOSProjectDemo;
				PRODUCT_NAME = "$(TARGET_NAME)";
				TARGETED_DEVICE_FAMILY = "1,2";
			};
			name = Release;
		};
/* End XCBuildConfiguration section */

/* Begin XCConfigurationList section */
		40F39C5F20511AEE001209BA /* Build configuration list for PBXProject "iOSProjectDemo" */ = {
			isa = XCConfigurationList;
			buildConfigurations = (
				40F39C7820511AEF001209BA /* Debug */,
				40F39C7920511AEF001209BA /* Release */,
			);
			defaultConfigurationIsVisible = 0;
			defaultConfigurationName = Release;
		};
		40F39C7A20511AEF001209BA /* Build configuration list for PBXNativeTarget "iOSProjectDemo" */ = {
			isa = XCConfigurationList;
			buildConfigurations = (
				40F39C7B20511AEF001209BA /* Debug */,
				40F39C7C20511AEF001209BA /* Release */,
			);
			defaultConfigurationIsVisible = 0;
			defaultConfigurationName = Release;
		};
/* End XCConfigurationList section */
	};
	rootObject = 40F39C5C20511AEE001209BA /* Project object */;
}
